# This file is automatically @generated by Cargo.
# It is not intended for manual editing.
version = 4

[[package]]
name = "bitflags"
version = "2.11.0"
source = "registry+https://github.com/rust-lang/crates.io-index"
checksum = "843867be96c8daad0d758b57df9392b6d8d271134fce549de6ce169ff98a92af"

[[package]]
name = "kernel-riscv-mmio"
version = "0.1.0"
dependencies = [
 "qemu-exit",
 "uart_16550",
]

[[package]]
name = "qemu-exit"
version = "3.0.2"
source = "registry+https://github.com/rust-lang/crates.io-index"
checksum = "8bb0fd6580eeed0103c054e3fba2c2618ff476943762f28a645b63b8692b21c9"

[[package]]
name = "uart_16550"
version = "0.5.0"
dependencies = [
 "bitflags",
]
